
Microsoft Visual Studio Solution File, Format Version 12.00
# Visual Studio Version 17
VisualStudioVersion = 17.11.35222.181
MinimumVisualStudioVersion = 10.0.40219.1
Project("{9A19103F-16F7-4668-BE54-9A1E7A4F7556}") = "VictuzWeb", "VictuzWeb.csproj", "{1B1E3B4E-6AFB-4E96-8A3B-2FBA2D01244B}"
EndProject
Global
	GlobalSection(SolutionConfigurationPlatforms) = preSolution
		Debug|Any CPU = Debug|Any CPU
		Release|Any CPU = Release|Any CPU
	EndGlobalSection
	GlobalSection(ProjectConfigurationPlatforms) = postSolution
		{1B1E3B4E-6AFB-4E96-8A3B-2FBA2D01244B}.Debug|Any CPU.ActiveCfg = Debug|Any CPU
		{1B1E3B4E-6AFB-4E96-8A3B-2FBA2D01244B}.Debug|Any CPU.Build.0 = Debug|Any CPU
		{1B1E3B4E-6AFB-4E96-8A3B-2FBA2D01244B}.Release|Any CPU.ActiveCfg = Release|Any CPU
		{1B1E3B4E-6AFB-4E96-8A3B-2FBA2D01244B}.Release|Any CPU.Build.0 = Release|Any CPU
	EndGlobalSection
	GlobalSection(SolutionProperties) = preSolution
		HideSolutionNode = FALSE
	EndGlobalSection
	GlobalSection(ExtensibilityGlobals) = postSolution
		SolutionGuid = {F735ECA4-8D83-462B-A01E-730F36F3B4E3}
	EndGlobalSection
EndGlobal
